
Microsoft Visual Studio Solution File, Format Version 12.00
# Visual Studio Version 16
VisualStudioVersion = 16.0.30011.22
MinimumVisualStudioVersion = 10.0.40219.1
Project("{9A19103F-16F7-4668-BE54-9A1E7A4F7556}") = "GuessTheNumberGame", "GuessTheNumberGame\GuessTheNumberGame.csproj", "{C5145615-0426-48D9-8D7A-2B509B19ABAA}"
EndProject
Project("{9A19103F-16F7-4668-BE54-9A1E7A4F7556}") = "ProgrammingFundamentalsClassLibrary", "ProgrammingFundamentalsClassLibrary\ProgrammingFundamentalsClassLibrary.csproj", "{A3DA19A9-A22C-47D9-9548-3C74FAF80C7D}"
EndProject
Global
	GlobalSection(SolutionConfigurationPlatforms) = preSolution
		Debug|Any CPU = Debug|Any CPU
		Release|Any CPU = Release|Any CPU
	EndGlobalSection
	GlobalSection(ProjectConfigurationPlatforms) = postSolution
		{C5145615-0426-48D9-8D7A-2B509B19ABAA}.Debug|Any CPU.ActiveCfg = Debug|Any CPU
		{C5145615-0426-48D9-8D7A-2B509B19ABAA}.Debug|Any CPU.Build.0 = Debug|Any CPU
		{C5145615-0426-48D9-8D7A-2B509B19ABAA}.Release|Any CPU.ActiveCfg = Release|Any CPU
		{C5145615-0426-48D9-8D7A-2B509B19ABAA}.Release|Any CPU.Build.0 = Release|Any CPU
		{A3DA19A9-A22C-47D9-9548-3C74FAF80C7D}.Debug|Any CPU.ActiveCfg = Debug|Any CPU
		{A3DA19A9-A22C-47D9-9548-3C74FAF80C7D}.Debug|Any CPU.Build.0 = Debug|Any CPU
		{A3DA19A9-A22C-47D9-9548-3C74FAF80C7D}.Release|Any CPU.ActiveCfg = Release|Any CPU
		{A3DA19A9-A22C-47D9-9548-3C74FAF80C7D}.Release|Any CPU.Build.0 = Release|Any CPU
	EndGlobalSection
	GlobalSection(SolutionProperties) = preSolution
		HideSolutionNode = FALSE
	EndGlobalSection
	GlobalSection(ExtensibilityGlobals) = postSolution
		SolutionGuid = {F723C977-1100-49E9-BF11-BB7FA19AB471}
	EndGlobalSection
EndGlobal
